// !$*UTF8*$!
{
	archiveVersion = 1;
	classes = {
	};
	objectVersion = 46;
	objects = {

/* Begin PBXBuildFile section */
		DD4763001E7708DB00AA9D32 /* AppDelegate.swift in Sources */ = {isa = PBXBuildFile; fileRef = DD4762FF1E7708DB00AA9D32 /* AppDelegate.swift */; };
		DD4763021E7708DB00AA9D32 /* ViewController.swift in Sources */ = {isa = PBXBuildFile; fileRef = DD4763011E7708DB00AA9D32 /* ViewController.swift */; };
		DD4763051E7708DB00AA9D32 /* Main.storyboard in Resources */ = {isa = PBXBuildFile; fileRef = DD4763031E7708DB00AA9D32 /* Main.storyboard */; };
		DD4763071E7708DB00AA9D32 /* Assets.xcassets in Resources */ = {isa = PBXBuildFile; fileRef = DD4763061E7708DB00AA9D32 /* Assets.xcassets */; };
		DD47630A1E7708DB00AA9D32 /* LaunchScreen.storyboard in Resources */ = {isa = PBXBuildFile; fileRef = DD4763081E7708DB00AA9D32 /* LaunchScreen.storyboard */; };
		DD4763121E770B0D00AA9D32 /* Pokemon.swift in Sources */ = {isa = PBXBuildFile; fileRef = DD4763111E770B0D00AA9D32 /* Pokemon.swift */; };
		DD4763141E7711FA00AA9D32 /* PokemonViewController.swift in Sources */ = {isa = PBXBuildFile; fileRef = DD4763131E7711FA00AA9D32 /* PokemonViewController.swift */; };
		DD4763181E774E0900AA9D32 /* KN AN.jpeg in Resources */ = {isa = PBXBuildFile; fileRef = DD4763171E774E0900AA9D32 /* KN AN.jpeg */; };
		DDF13D681E7B1DA500EC94CF /* PokemonAnnotation.swift in Sources */ = {isa = PBXBuildFile; fileRef = DDF13D671E7B1DA500EC94CF /* PokemonAnnotation.swift */; };
/* End PBXBuildFile section */

/* Begin PBXFileReference section */
		DD4762FC1E7708DB00AA9D32 /* Pokemon On the Map.app */ = {isa = PBXFileReference; explicitFileType = wrapper.application; includeInIndex = 0; path = "Pokemon On the Map.app"; sourceTree = BUILT_PRODUCTS_DIR; };
		DD4762FF1E7708DB00AA9D32 /* AppDelegate.swift */ = {isa = PBXFileReference; lastKnownFileType = sourcecode.swift; path = AppDelegate.swift; sourceTree = "<group>"; };
		DD4763011E7708DB00AA9D32 /* ViewController.swift */ = {isa = PBXFileReference; lastKnownFileType = sourcecode.swift; path = ViewController.swift; sourceTree = "<group>"; };
		DD4763041E7708DB00AA9D32 /* Base */ = {isa = PBXFileReference; lastKnownFileType = file.storyboard; name = Base; path = Base.lproj/Main.storyboard; sourceTree = "<group>"; };
		DD4763061E7708DB00AA9D32 /* Assets.xcassets */ = {isa = PBXFileReference; lastKnownFileType = folder.assetcatalog; path = Assets.xcassets; sourceTree = "<group>"; };
		DD4763091E7708DB00AA9D32 /* Base */ = {isa = PBXFileReference; lastKnownFileType = file.storyboard; name = Base; path = Base.lproj/LaunchScreen.storyboard; sourceTree = "<group>"; };
		DD47630B1E7708DB00AA9D32 /* Info.plist */ = {isa = PBXFileReference; lastKnownFileType = text.plist.xml; path = Info.plist; sourceTree = "<group>"; };
		DD4763111E770B0D00AA9D32 /* Pokemon.swift */ = {isa = PBXFileReference; fileEncoding = 4; lastKnownFileType = sourcecode.swift; path = Pokemon.swift; sourceTree = "<group>"; };
		DD4763131E7711FA00AA9D32 /* PokemonViewController.swift */ = {isa = PBXFileReference; fileEncoding = 4; lastKnownFileType = sourcecode.swift; path = PokemonViewController.swift; sourceTree = "<group>"; };
		DD4763171E774E0900AA9D32 /* KN AN.jpeg */ = {isa = PBXFileReference; lastKnownFileType = image.jpeg; path = "KN AN.jpeg"; sourceTree = "<group>"; };
		DDF13D671E7B1DA500EC94CF /* PokemonAnnotation.swift */ = {isa = PBXFileReference; fileEncoding = 4; lastKnownFileType = sourcecode.swift; path = PokemonAnnotation.swift; sourceTree = "<group>"; };
/* End PBXFileReference section */

/* Begin PBXFrameworksBuildPhase section */
		DD4762F91E7708DB00AA9D32 /* Frameworks */ = {
			isa = PBXFrameworksBuildPhase;
			buildActionMask = 2147483647;
			files = (
			);
			runOnlyForDeploymentPostprocessing = 0;
		};
/* End PBXFrameworksBuildPhase section */

/* Begin PBXGroup section */
		DD4762F31E7708DB00AA9D32 = {
			isa = PBXGroup;
			children = (
				DD4762FE1E7708DB00AA9D32 /* Pokemon On the Map */,
				DD4762FD1E7708DB00AA9D32 /* Products */,
			);
			sourceTree = "<group>";
		};
		DD4762FD1E7708DB00AA9D32 /* Products */ = {
			isa = PBXGroup;
			children = (
				DD4762FC1E7708DB00AA9D32 /* Pokemon On the Map.app */,
			);
			name = Products;
			sourceTree = "<group>";
		};
		DD4762FE1E7708DB00AA9D32 /* Pokemon On the Map */ = {
			isa = PBXGroup;
			children = (
				DD4762FF1E7708DB00AA9D32 /* AppDelegate.swift */,
				DD4763011E7708DB00AA9D32 /* ViewController.swift */,
				DD4763131E7711FA00AA9D32 /* PokemonViewController.swift */,
				DD4763111E770B0D00AA9D32 /* Pokemon.swift */,
				DD4763031E7708DB00AA9D32 /* Main.storyboard */,
				DD4763171E774E0900AA9D32 /* KN AN.jpeg */,
				DD4763061E7708DB00AA9D32 /* Assets.xcassets */,
				DD4763081E7708DB00AA9D32 /* LaunchScreen.storyboard */,
				DD47630B1E7708DB00AA9D32 /* Info.plist */,
				DDF13D671E7B1DA500EC94CF /* PokemonAnnotation.swift */,
			);
			path = "Pokemon On the Map";
			sourceTree = "<group>";
		};
/* End PBXGroup section */

/* Begin PBXNativeTarget section */
		DD4762FB1E7708DB00AA9D32 /* Pokemon On the Map */ = {
			isa = PBXNativeTarget;
			buildConfigurationList = DD47630E1E7708DB00AA9D32 /* Build configuration list for PBXNativeTarget "Pokemon On the Map" */;
			buildPhases = (
				DD4762F81E7708DB00AA9D32 /* Sources */,
				DD4762F91E7708DB00AA9D32 /* Frameworks */,
				DD4762FA1E7708DB00AA9D32 /* Resources */,
			);
			buildRules = (
			);
			dependencies = (
			);
			name = "Pokemon On the Map";
			productName = "Pokemon On the Map";
			productReference = DD4762FC1E7708DB00AA9D32 /* Pokemon On the Map.app */;
			productType = "com.apple.product-type.application";
		};
/* End PBXNativeTarget section */

/* Begin PBXProject section */
		DD4762F41E7708DB00AA9D32 /* Project object */ = {
			isa = PBXProject;
			attributes = {
				LastSwiftUpdateCheck = 0810;
				LastUpgradeCheck = 0810;
				ORGANIZATIONNAME = Klas;
				TargetAttributes = {
					DD4762FB1E7708DB00AA9D32 = {
						CreatedOnToolsVersion = 8.1;
						ProvisioningStyle = Automatic;
					};
				};
			};
			buildConfigurationList = DD4762F71E7708DB00AA9D32 /* Build configuration list for PBXProject "Pokemon On the Map" */;
			compatibilityVersion = "Xcode 3.2";
			developmentRegion = English;
			hasScannedForEncodings = 0;
			knownRegions = (
				en,
				Base,
			);
			mainGroup = DD4762F31E7708DB00AA9D32;
			productRefGroup = DD4762FD1E7708DB00AA9D32 /* Products */;
			projectDirPath = "";
			projectRoot = "";
			targets = (
				DD4762FB1E7708DB00AA9D32 /* Pokemon On the Map */,
			);
		};
/* End PBXProject section */

/* Begin PBXResourcesBuildPhase section */
		DD4762FA1E7708DB00AA9D32 /* Resources */ = {
			isa = PBXResourcesBuildPhase;
			buildActionMask = 2147483647;
			files = (
				DD47630A1E7708DB00AA9D32 /* LaunchScreen.storyboard in Resources */,
				DD4763071E7708DB00AA9D32 /* Assets.xcassets in Resources */,
				DD4763181E774E0900AA9D32 /* KN AN.jpeg in Resources */,
				DD4763051E7708DB00AA9D32 /* Main.storyboard in Resources */,
			);
			runOnlyForDeploymentPostprocessing = 0;
		};
/* End PBXResourcesBuildPhase section */

/* Begin PBXSourcesBuildPhase section */
		DD4762F81E7708DB00AA9D32 /* Sources */ = {
			isa = PBXSourcesBuildPhase;
			buildActionMask = 2147483647;
			files = (
				DD4763021E7708DB00AA9D32 /* ViewController.swift in Sources */,
				DD4763001E7708DB00AA9D32 /* AppDelegate.swift in Sources */,
				DD4763141E7711FA00AA9D32 /* PokemonViewController.swift in Sources */,
				DDF13D681E7B1DA500EC94CF /* PokemonAnnotation.swift in Sources */,
				DD4763121E770B0D00AA9D32 /* Pokemon.swift in Sources */,
			);
			runOnlyForDeploymentPostprocessing = 0;
		};
/* End PBXSourcesBuildPhase section */

/* Begin PBXVariantGroup section */
		DD4763031E7708DB00AA9D32 /* Main.storyboard */ = {
			isa = PBXVariantGroup;
			children = (
				DD4763041E7708DB00AA9D32 /* Base */,
			);
			name = Main.storyboard;
			sourceTree = "<group>";
		};
		DD4763081E7708DB00AA9D32 /* LaunchScreen.storyboard */ = {
			isa = PBXVariantGroup;
			children = (
				DD4763091E7708DB00AA9D32 /* Base */,
			);
			name = LaunchScreen.storyboard;
			sourceTree = "<group>";
		};
/* End PBXVariantGroup section */

/* Begin XCBuildConfiguration section */
		DD47630C1E7708DB00AA9D32 /* Debug */ = {
			isa = XCBuildConfiguration;
			buildSettings = {
				ALWAYS_SEARCH_USER_PATHS = NO;
				CLANG_ANALYZER_NONNULL = YES;
				CLANG_CXX_LANGUAGE_STANDARD = "gnu++0x";
				CLANG_CXX_LIBRARY = "libc++";
				CLANG_ENABLE_MODULES = YES;
				CLANG_ENABLE_OBJC_ARC = YES;
				CLANG_WARN_BOOL_CONVERSION = YES;
				CLANG_WARN_CONSTANT_CONVERSION = YES;
				CLANG_WARN_DIRECT_OBJC_ISA_USAGE = YES_ERROR;
				CLANG_WARN_DOCUMENTATION_COMMENTS = YES;
				CLANG_WARN_EMPTY_BODY = YES;
				CLANG_WARN_ENUM_CONVERSION = YES;
				CLANG_WARN_INFINITE_RECURSION = YES;
				CLANG_WARN_INT_CONVERSION = YES;
				CLANG_WARN_OBJC_ROOT_CLASS = YES_ERROR;
				CLANG_WARN_SUSPICIOUS_MOVES = YES;
				CLANG_WARN_UNREACHABLE_CODE = YES;
				CLANG_WARN__DUPLICATE_METHOD_MATCH = YES;
				"CODE_SIGN_IDENTITY[sdk=iphoneos*]" = "iPhone Developer";
				COPY_PHASE_STRIP = NO;
				DEBUG_INFORMATION_FORMAT = dwarf;
				ENABLE_STRICT_OBJC_MSGSEND = YES;
				ENABLE_TESTABILITY = YES;
				GCC_C_LANGUAGE_STANDARD = gnu99;
				GCC_DYNAMIC_NO_PIC = NO;
				GCC_NO_COMMON_BLOCKS = YES;
				GCC_OPTIMIZATION_LEVEL = 0;
				GCC_PREPROCESSOR_DEFINITIONS = (
					"DEBUG=1",
					"$(inherited)",
				);
				GCC_WARN_64_TO_32_BIT_CONVERSION = YES;
				GCC_WARN_ABOUT_RETURN_TYPE = YES_ERROR;
				GCC_WARN_UNDECLARED_SELECTOR = YES;
				GCC_WARN_UNINITIALIZED_AUTOS = YES_AGGRESSIVE;
				GCC_WARN_UNUSED_FUNCTION = YES;
				GCC_WARN_UNUSED_VARIABLE = YES;
				IPHONEOS_DEPLOYMENT_TARGET = 10.1;
				MTL_ENABLE_DEBUG_INFO = YES;
				ONLY_ACTIVE_ARCH = YES;
				SDKROOT = iphoneos;
				SWIFT_ACTIVE_COMPILATION_CONDITIONS = DEBUG;
				SWIFT_OPTIMIZATION_LEVEL = "-Onone";
				TARGETED_DEVICE_FAMILY = "1,2";
			};
			name = Debug;
		};
		DD47630D1E7708DB00AA9D32 /* Release */ = {
			isa = XCBuildConfiguration;
			buildSettings = {
				ALWAYS_SEARCH_USER_PATHS = NO;
				CLANG_ANALYZER_NONNULL = YES;
				CLANG_CXX_LANGUAGE_STANDARD = "gnu++0x";
				CLANG_CXX_LIBRARY = "libc++";
				CLANG_ENABLE_MODULES = YES;
				CLANG_ENABLE_OBJC_ARC = YES;
				CLANG_WARN_BOOL_CONVERSION = YES;
				CLANG_WARN_CONSTANT_CONVERSION = YES;
				CLANG_WARN_DIRECT_OBJC_ISA_USAGE = YES_ERROR;
				CLANG_WARN_DOCUMENTATION_COMMENTS = YES;
				CLANG_WARN_EMPTY_BODY = YES;
				CLANG_WARN_ENUM_CONVERSION = YES;
				CLANG_WARN_INFINITE_RECURSION = YES;
				CLANG_WARN_INT_CONVERSION = YES;
				CLANG_WARN_OBJC_ROOT_CLASS = YES_ERROR;
				CLANG_WARN_SUSPICIOUS_MOVES = YES;
				CLANG_WARN_UNREACHABLE_CODE = YES;
				CLANG_WARN__DUPLICATE_METHOD_MATCH = YES;
				"CODE_SIGN_IDENTITY[sdk=iphoneos*]" = "iPhone Developer";
				COPY_PHASE_STRIP = NO;
				DEBUG_INFORMATION_FORMAT = "dwarf-with-dsym";
				ENABLE_NS_ASSERTIONS = NO;
				ENABLE_STRICT_OBJC_MSGSEND = YES;
				GCC_C_LANGUAGE_STANDARD = gnu99;
				GCC_NO_COMMON_BLOCKS = YES;
				GCC_WARN_64_TO_32_BIT_CONVERSION = YES;
				GCC_WARN_ABOUT_RETURN_TYPE = YES_ERROR;
				GCC_WARN_UNDECLARED_SELECTOR = YES;
				GCC_WARN_UNINITIALIZED_AUTOS = YES_AGGRESSIVE;
				GCC_WARN_UNUSED_FUNCTION = YES;
				GCC_WARN_UNUSED_VARIABLE = YES;
				IPHONEOS_DEPLOYMENT_TARGET = 10.1;
				MTL_ENABLE_DEBUG_INFO = NO;
				SDKROOT = iphoneos;
				SWIFT_OPTIMIZATION_LEVEL = "-Owholemodule";
				TARGETED_DEVICE_FAMILY = "1,2";
				VALIDATE_PRODUCT = YES;
			};
			name = Release;
		};
		DD47630F1E7708DB00AA9D32 /* Debug */ = {
			isa = XCBuildConfiguration;
			buildSettings = {
				ASSETCATALOG_COMPILER_APPICON_NAME = AppIcon;
				INFOPLIST_FILE = "Pokemon On the Map/Info.plist";
				LD_RUNPATH_SEARCH_PATHS = "$(inherited) @executable_path/Frameworks";
				PRODUCT_BUNDLE_IDENTIFIER = "Klas.Pokemon-On-the-Map";
				PRODUCT_NAME = "$(TARGET_NAME)";
				SWIFT_VERSION = 3.0;
			};
			name = Debug;
		};
		DD4763101E7708DB00AA9D32 /* Release */ = {
			isa = XCBuildConfiguration;
			buildSettings = {
				ASSETCATALOG_COMPILER_APPICON_NAME = AppIcon;
				INFOPLIST_FILE = "Pokemon On the Map/Info.plist";
				LD_RUNPATH_SEARCH_PATHS = "$(inherited) @executable_path/Frameworks";
				PRODUCT_BUNDLE_IDENTIFIER = "Klas.Pokemon-On-the-Map";
				PRODUCT_NAME = "$(TARGET_NAME)";
				SWIFT_VERSION = 3.0;
			};
			name = Release;
		};
/* End XCBuildConfiguration section */

/* Begin XCConfigurationList section */
		DD4762F71E7708DB00AA9D32 /* Build configuration list for PBXProject "Pokemon On the Map" */ = {
			isa = XCConfigurationList;
			buildConfigurations = (
				DD47630C1E7708DB00AA9D32 /* Debug */,
				DD47630D1E7708DB00AA9D32 /* Release */,
			);
			defaultConfigurationIsVisible = 0;
			defaultConfigurationName = Release;
		};
		DD47630E1E7708DB00AA9D32 /* Build configuration list for PBXNativeTarget "Pokemon On the Map" */ = {
			isa = XCConfigurationList;
			buildConfigurations = (
				DD47630F1E7708DB00AA9D32 /* Debug */,
				DD4763101E7708DB00AA9D32 /* Release */,
			);
			defaultConfigurationIsVisible = 0;
			defaultConfigurationName = Release;
		};
/* End XCConfigurationList section */
	};
	rootObject = DD4762F41E7708DB00AA9D32 /* Project object */;
}
